
Microsoft Visual Studio Solution File, Format Version 12.00
# Visual Studio Version 17
VisualStudioVersion = 17.8.34525.116
MinimumVisualStudioVersion = 10.0.40219.1
Project("{FAE04EC0-301F-11D3-BF4B-00C04F79EFBC}") = "Core", "Core\Core.csproj", "{9AD4246E-F895-4ECA-B39A-318F281E092E}"
EndProject
Project("{FAE04EC0-301F-11D3-BF4B-00C04F79EFBC}") = "Entities", "Entities\Entities.csproj", "{434BA886-4B5A-4329-8BD4-6687CB3C8ED6}"
EndProject
Project("{FAE04EC0-301F-11D3-BF4B-00C04F79EFBC}") = "Reposiratory", "Reposiratory\Reposiratory.csproj", "{CE1718EF-4602-4E9D-AAB6-5E7DC0849465}"
EndProject
Project("{FAE04EC0-301F-11D3-BF4B-00C04F79EFBC}") = "Web", "Web\Web.csproj", "{F37C01BE-58C9-4C19-BA25-F55F3B6D6096}"
EndProject
Global
	GlobalSection(SolutionConfigurationPlatforms) = preSolution
		Debug|Any CPU = Debug|Any CPU
		Release|Any CPU = Release|Any CPU
	EndGlobalSection
	GlobalSection(ProjectConfigurationPlatforms) = postSolution
		{9AD4246E-F895-4ECA-B39A-318F281E092E}.Debug|Any CPU.ActiveCfg = Debug|Any CPU
		{9AD4246E-F895-4ECA-B39A-318F281E092E}.Debug|Any CPU.Build.0 = Debug|Any CPU
		{9AD4246E-F895-4ECA-B39A-318F281E092E}.Release|Any CPU.ActiveCfg = Release|Any CPU
		{9AD4246E-F895-4ECA-B39A-318F281E092E}.Release|Any CPU.Build.0 = Release|Any CPU
		{434BA886-4B5A-4329-8BD4-6687CB3C8ED6}.Debug|Any CPU.ActiveCfg = Debug|Any CPU
		{434BA886-4B5A-4329-8BD4-6687CB3C8ED6}.Debug|Any CPU.Build.0 = Debug|Any CPU
		{434BA886-4B5A-4329-8BD4-6687CB3C8ED6}.Release|Any CPU.ActiveCfg = Release|Any CPU
		{434BA886-4B5A-4329-8BD4-6687CB3C8ED6}.Release|Any CPU.Build.0 = Release|Any CPU
		{CE1718EF-4602-4E9D-AAB6-5E7DC0849465}.Debug|Any CPU.ActiveCfg = Debug|Any CPU
		{CE1718EF-4602-4E9D-AAB6-5E7DC0849465}.Debug|Any CPU.Build.0 = Debug|Any CPU
		{CE1718EF-4602-4E9D-AAB6-5E7DC0849465}.Release|Any CPU.ActiveCfg = Release|Any CPU
		{CE1718EF-4602-4E9D-AAB6-5E7DC0849465}.Release|Any CPU.Build.0 = Release|Any CPU
		{F37C01BE-58C9-4C19-BA25-F55F3B6D6096}.Debug|Any CPU.ActiveCfg = Debug|Any CPU
		{F37C01BE-58C9-4C19-BA25-F55F3B6D6096}.Debug|Any CPU.Build.0 = Debug|Any CPU
		{F37C01BE-58C9-4C19-BA25-F55F3B6D6096}.Release|Any CPU.ActiveCfg = Release|Any CPU
		{F37C01BE-58C9-4C19-BA25-F55F3B6D6096}.Release|Any CPU.Build.0 = Release|Any CPU
	EndGlobalSection
	GlobalSection(SolutionProperties) = preSolution
		HideSolutionNode = FALSE
	EndGlobalSection
	GlobalSection(ExtensibilityGlobals) = postSolution
		SolutionGuid = {BD41B456-0196-4B69-9AE9-C9E324FAE71C}
	EndGlobalSection
EndGlobal
